// !$*UTF8*$!
{
	archiveVersion = 1;
	classes = {
	};
	objectVersion = 55;
	objects = {

/* Begin PBXBuildFile section */
		FF19E1EC27C628DD00DBD52D /* AppDelegate.swift in Sources */ = {isa = PBXBuildFile; fileRef = FF19E1EB27C628DD00DBD52D /* AppDelegate.swift */; };
		FF19E1EE27C628DD00DBD52D /* SceneDelegate.swift in Sources */ = {isa = PBXBuildFile; fileRef = FF19E1ED27C628DD00DBD52D /* SceneDelegate.swift */; };
		FF19E1F527C628E100DBD52D /* Assets.xcassets in Resources */ = {isa = PBXBuildFile; fileRef = FF19E1F427C628E100DBD52D /* Assets.xcassets */; };
		FF19E1F827C628E100DBD52D /* LaunchScreen.storyboard in Resources */ = {isa = PBXBuildFile; fileRef = FF19E1F627C628E100DBD52D /* LaunchScreen.storyboard */; };
		FF19E20327C628E100DBD52D /* CryptocurrencyExchangeTests.swift in Sources */ = {isa = PBXBuildFile; fileRef = FF19E20227C628E100DBD52D /* CryptocurrencyExchangeTests.swift */; };
		FF19E20D27C628E100DBD52D /* CryptocurrencyExchangeUITests.swift in Sources */ = {isa = PBXBuildFile; fileRef = FF19E20C27C628E100DBD52D /* CryptocurrencyExchangeUITests.swift */; };
		FF19E20F27C628E100DBD52D /* CryptocurrencyExchangeUITestsLaunchTests.swift in Sources */ = {isa = PBXBuildFile; fileRef = FF19E20E27C628E100DBD52D /* CryptocurrencyExchangeUITestsLaunchTests.swift */; };
		FF19E21D27C62A9A00DBD52D /* Alamofire in Frameworks */ = {isa = PBXBuildFile; productRef = FF19E21C27C62A9A00DBD52D /* Alamofire */; };
		FF19E22027C62B8700DBD52D /* Kingfisher in Frameworks */ = {isa = PBXBuildFile; productRef = FF19E21F27C62B8700DBD52D /* Kingfisher */; };
		FF19E22327C62BA000DBD52D /* Starscream in Frameworks */ = {isa = PBXBuildFile; productRef = FF19E22227C62BA000DBD52D /* Starscream */; };
		FF19E22627C62BC900DBD52D /* Charts in Frameworks */ = {isa = PBXBuildFile; productRef = FF19E22527C62BC900DBD52D /* Charts */; };
/* End PBXBuildFile section */

/* Begin PBXContainerItemProxy section */
		FF19E1FF27C628E100DBD52D /* PBXContainerItemProxy */ = {
			isa = PBXContainerItemProxy;
			containerPortal = FF19E1E027C628DD00DBD52D /* Project object */;
			proxyType = 1;
			remoteGlobalIDString = FF19E1E727C628DD00DBD52D;
			remoteInfo = CryptocurrencyExchange;
		};
		FF19E20927C628E100DBD52D /* PBXContainerItemProxy */ = {
			isa = PBXContainerItemProxy;
			containerPortal = FF19E1E027C628DD00DBD52D /* Project object */;
			proxyType = 1;
			remoteGlobalIDString = FF19E1E727C628DD00DBD52D;
			remoteInfo = CryptocurrencyExchange;
		};
/* End PBXContainerItemProxy section */

/* Begin PBXFileReference section */
		FF19E1E827C628DD00DBD52D /* CryptocurrencyExchange.app */ = {isa = PBXFileReference; explicitFileType = wrapper.application; includeInIndex = 0; path = CryptocurrencyExchange.app; sourceTree = BUILT_PRODUCTS_DIR; };
		FF19E1EB27C628DD00DBD52D /* AppDelegate.swift */ = {isa = PBXFileReference; lastKnownFileType = sourcecode.swift; path = AppDelegate.swift; sourceTree = "<group>"; };
		FF19E1ED27C628DD00DBD52D /* SceneDelegate.swift */ = {isa = PBXFileReference; lastKnownFileType = sourcecode.swift; path = SceneDelegate.swift; sourceTree = "<group>"; };
		FF19E1F427C628E100DBD52D /* Assets.xcassets */ = {isa = PBXFileReference; lastKnownFileType = folder.assetcatalog; path = Assets.xcassets; sourceTree = "<group>"; };
		FF19E1F727C628E100DBD52D /* Base */ = {isa = PBXFileReference; lastKnownFileType = file.storyboard; name = Base; path = Base.lproj/LaunchScreen.storyboard; sourceTree = "<group>"; };
		FF19E1F927C628E100DBD52D /* Info.plist */ = {isa = PBXFileReference; lastKnownFileType = text.plist.xml; path = Info.plist; sourceTree = "<group>"; };
		FF19E1FE27C628E100DBD52D /* CryptocurrencyExchangeTests.xctest */ = {isa = PBXFileReference; explicitFileType = wrapper.cfbundle; includeInIndex = 0; path = CryptocurrencyExchangeTests.xctest; sourceTree = BUILT_PRODUCTS_DIR; };
		FF19E20227C628E100DBD52D /* CryptocurrencyExchangeTests.swift */ = {isa = PBXFileReference; lastKnownFileType = sourcecode.swift; path = CryptocurrencyExchangeTests.swift; sourceTree = "<group>"; };
		FF19E20827C628E100DBD52D /* CryptocurrencyExchangeUITests.xctest */ = {isa = PBXFileReference; explicitFileType = wrapper.cfbundle; includeInIndex = 0; path = CryptocurrencyExchangeUITests.xctest; sourceTree = BUILT_PRODUCTS_DIR; };
		FF19E20C27C628E100DBD52D /* CryptocurrencyExchangeUITests.swift */ = {isa = PBXFileReference; lastKnownFileType = sourcecode.swift; path = CryptocurrencyExchangeUITests.swift; sourceTree = "<group>"; };
		FF19E20E27C628E100DBD52D /* CryptocurrencyExchangeUITestsLaunchTests.swift */ = {isa = PBXFileReference; lastKnownFileType = sourcecode.swift; path = CryptocurrencyExchangeUITestsLaunchTests.swift; sourceTree = "<group>"; };
/* End PBXFileReference section */

/* Begin PBXFrameworksBuildPhase section */
		FF19E1E527C628DD00DBD52D /* Frameworks */ = {
			isa = PBXFrameworksBuildPhase;
			buildActionMask = 2147483647;
			files = (
				FF19E22027C62B8700DBD52D /* Kingfisher in Frameworks */,
				FF19E21D27C62A9A00DBD52D /* Alamofire in Frameworks */,
				FF19E22327C62BA000DBD52D /* Starscream in Frameworks */,
				FF19E22627C62BC900DBD52D /* Charts in Frameworks */,
			);
			runOnlyForDeploymentPostprocessing = 0;
		};
		FF19E1FB27C628E100DBD52D /* Frameworks */ = {
			isa = PBXFrameworksBuildPhase;
			buildActionMask = 2147483647;
			files = (
			);
			runOnlyForDeploymentPostprocessing = 0;
		};
		FF19E20527C628E100DBD52D /* Frameworks */ = {
			isa = PBXFrameworksBuildPhase;
			buildActionMask = 2147483647;
			files = (
			);
			runOnlyForDeploymentPostprocessing = 0;
		};
/* End PBXFrameworksBuildPhase section */

/* Begin PBXGroup section */
		FF19E1DF27C628DD00DBD52D = {
			isa = PBXGroup;
			children = (
				FF19E1EA27C628DD00DBD52D /* CryptocurrencyExchange */,
				FF19E20127C628E100DBD52D /* CryptocurrencyExchangeTests */,
				FF19E20B27C628E100DBD52D /* CryptocurrencyExchangeUITests */,
				FF19E1E927C628DD00DBD52D /* Products */,
			);
			sourceTree = "<group>";
		};
		FF19E1E927C628DD00DBD52D /* Products */ = {
			isa = PBXGroup;
			children = (
				FF19E1E827C628DD00DBD52D /* CryptocurrencyExchange.app */,
				FF19E1FE27C628E100DBD52D /* CryptocurrencyExchangeTests.xctest */,
				FF19E20827C628E100DBD52D /* CryptocurrencyExchangeUITests.xctest */,
			);
			name = Products;
			sourceTree = "<group>";
		};
		FF19E1EA27C628DD00DBD52D /* CryptocurrencyExchange */ = {
			isa = PBXGroup;
			children = (
				FF19E1EB27C628DD00DBD52D /* AppDelegate.swift */,
				FF19E1ED27C628DD00DBD52D /* SceneDelegate.swift */,
				B4F5AF8527C8D82400EB60A1 /* Supporting Files */,
			);
			path = CryptocurrencyExchange;
			sourceTree = "<group>";
		};
		FF19E20127C628E100DBD52D /* CryptocurrencyExchangeTests */ = {
			isa = PBXGroup;
			children = (
				FF19E20227C628E100DBD52D /* CryptocurrencyExchangeTests.swift */,
			);
			path = CryptocurrencyExchangeTests;
			sourceTree = "<group>";
		};
		FF19E20B27C628E100DBD52D /* CryptocurrencyExchangeUITests */ = {
			isa = PBXGroup;
			children = (
				FF19E20C27C628E100DBD52D /* CryptocurrencyExchangeUITests.swift */,
				FF19E20E27C628E100DBD52D /* CryptocurrencyExchangeUITestsLaunchTests.swift */,
			);
			path = CryptocurrencyExchangeUITests;
			sourceTree = "<group>";
		};
/* End PBXGroup section */

/* Begin PBXNativeTarget section */
		FF19E1E727C628DD00DBD52D /* CryptocurrencyExchange */ = {
			isa = PBXNativeTarget;
			buildConfigurationList = FF19E21227C628E100DBD52D /* Build configuration list for PBXNativeTarget "CryptocurrencyExchange" */;
			buildPhases = (
				FF19E1E427C628DD00DBD52D /* Sources */,
				FF19E1E527C628DD00DBD52D /* Frameworks */,
				FF19E1E627C628DD00DBD52D /* Resources */,
			);
			buildRules = (
			);
			dependencies = (
			);
			name = CryptocurrencyExchange;
			packageProductDependencies = (
				FF19E21C27C62A9A00DBD52D /* Alamofire */,
				FF19E21F27C62B8700DBD52D /* Kingfisher */,
				FF19E22227C62BA000DBD52D /* Starscream */,
				FF19E22527C62BC900DBD52D /* Charts */,
			);
			productName = CryptocurrencyExchange;
			productReference = FF19E1E827C628DD00DBD52D /* CryptocurrencyExchange.app */;
			productType = "com.apple.product-type.application";
		};
		FF19E1FD27C628E100DBD52D /* CryptocurrencyExchangeTests */ = {
			isa = PBXNativeTarget;
			buildConfigurationList = FF19E21527C628E100DBD52D /* Build configuration list for PBXNativeTarget "CryptocurrencyExchangeTests" */;
			buildPhases = (
				FF19E1FA27C628E100DBD52D /* Sources */,
				FF19E1FB27C628E100DBD52D /* Frameworks */,
				FF19E1FC27C628E100DBD52D /* Resources */,
			);
			buildRules = (
			);
			dependencies = (
				FF19E20027C628E100DBD52D /* PBXTargetDependency */,
			);
			name = CryptocurrencyExchangeTests;
			productName = CryptocurrencyExchangeTests;
			productReference = FF19E1FE27C628E100DBD52D /* CryptocurrencyExchangeTests.xctest */;
			productType = "com.apple.product-type.bundle.unit-test";
		};
		FF19E20727C628E100DBD52D /* CryptocurrencyExchangeUITests */ = {
			isa = PBXNativeTarget;
			buildConfigurationList = FF19E21827C628E100DBD52D /* Build configuration list for PBXNativeTarget "CryptocurrencyExchangeUITests" */;
			buildPhases = (
				FF19E20427C628E100DBD52D /* Sources */,
				FF19E20527C628E100DBD52D /* Frameworks */,
				FF19E20627C628E100DBD52D /* Resources */,
			);
			buildRules = (
			);
			dependencies = (
				FF19E20A27C628E100DBD52D /* PBXTargetDependency */,
			);
			name = CryptocurrencyExchangeUITests;
			productName = CryptocurrencyExchangeUITests;
			productReference = FF19E20827C628E100DBD52D /* CryptocurrencyExchangeUITests.xctest */;
			productType = "com.apple.product-type.bundle.ui-testing";
		};
/* End PBXNativeTarget section */

/* Begin PBXProject section */
		FF19E1E027C628DD00DBD52D /* Project object */ = {
			isa = PBXProject;
			attributes = {
				BuildIndependentTargetsInParallel = 1;
				LastSwiftUpdateCheck = 1320;
				LastUpgradeCheck = 1320;
				TargetAttributes = {
					FF19E1E727C628DD00DBD52D = {
						CreatedOnToolsVersion = 13.2.1;
					};
					FF19E1FD27C628E100DBD52D = {
						CreatedOnToolsVersion = 13.2.1;
						TestTargetID = FF19E1E727C628DD00DBD52D;
					};
					FF19E20727C628E100DBD52D = {
						CreatedOnToolsVersion = 13.2.1;
						TestTargetID = FF19E1E727C628DD00DBD52D;
					};
				};
			};
			buildConfigurationList = FF19E1E327C628DD00DBD52D /* Build configuration list for PBXProject "CryptocurrencyExchange" */;
			compatibilityVersion = "Xcode 13.0";
			developmentRegion = en;
			hasScannedForEncodings = 0;
			knownRegions = (
				en,
				Base,
			);
			mainGroup = FF19E1DF27C628DD00DBD52D;
			packageReferences = (
				FF19E21B27C62A9A00DBD52D /* XCRemoteSwiftPackageReference "Alamofire" */,
				FF19E21E27C62B8600DBD52D /* XCRemoteSwiftPackageReference "Kingfisher" */,
				FF19E22127C62BA000DBD52D /* XCRemoteSwiftPackageReference "Starscream" */,
				FF19E22427C62BC900DBD52D /* XCRemoteSwiftPackageReference "Charts" */,
			);
			productRefGroup = FF19E1E927C628DD00DBD52D /* Products */;
			projectDirPath = "";
			projectRoot = "";
			targets = (
				FF19E1E727C628DD00DBD52D /* CryptocurrencyExchange */,
				FF19E1FD27C628E100DBD52D /* CryptocurrencyExchangeTests */,
				FF19E20727C628E100DBD52D /* CryptocurrencyExchangeUITests */,
			);
		};
/* End PBXProject section */

/* Begin PBXResourcesBuildPhase section */
		FF19E1E627C628DD00DBD52D /* Resources */ = {
			isa = PBXResourcesBuildPhase;
			buildActionMask = 2147483647;
			files = (
				FF19E1F827C628E100DBD52D /* LaunchScreen.storyboard in Resources */,
				FF19E1F527C628E100DBD52D /* Assets.xcassets in Resources */,
			);
			runOnlyForDeploymentPostprocessing = 0;
		};
		FF19E1FC27C628E100DBD52D /* Resources */ = {
			isa = PBXResourcesBuildPhase;
			buildActionMask = 2147483647;
			files = (
			);
			runOnlyForDeploymentPostprocessing = 0;
		};
		FF19E20627C628E100DBD52D /* Resources */ = {
			isa = PBXResourcesBuildPhase;
			buildActionMask = 2147483647;
			files = (
			);
			runOnlyForDeploymentPostprocessing = 0;
		};
/* End PBXResourcesBuildPhase section */

/* Begin PBXSourcesBuildPhase section */
		FF19E1E427C628DD00DBD52D /* Sources */ = {
			isa = PBXSourcesBuildPhase;
			buildActionMask = 2147483647;
			files = (
				FF19E1EC27C628DD00DBD52D /* AppDelegate.swift in Sources */,
				FF19E1EE27C628DD00DBD52D /* SceneDelegate.swift in Sources */,
			);
			runOnlyForDeploymentPostprocessing = 0;
		};
		FF19E1FA27C628E100DBD52D /* Sources */ = {
			isa = PBXSourcesBuildPhase;
			buildActionMask = 2147483647;
			files = (
				FF19E20327C628E100DBD52D /* CryptocurrencyExchangeTests.swift in Sources */,
			);
			runOnlyForDeploymentPostprocessing = 0;
		};
		FF19E20427C628E100DBD52D /* Sources */ = {
			isa = PBXSourcesBuildPhase;
			buildActionMask = 2147483647;
			files = (
				FF19E20D27C628E100DBD52D /* CryptocurrencyExchangeUITests.swift in Sources */,
				FF19E20F27C628E100DBD52D /* CryptocurrencyExchangeUITestsLaunchTests.swift in Sources */,
			);
			runOnlyForDeploymentPostprocessing = 0;
		};
/* End PBXSourcesBuildPhase section */

/* Begin PBXTargetDependency section */
		FF19E20027C628E100DBD52D /* PBXTargetDependency */ = {
			isa = PBXTargetDependency;
			target = FF19E1E727C628DD00DBD52D /* CryptocurrencyExchange */;
			targetProxy = FF19E1FF27C628E100DBD52D /* PBXContainerItemProxy */;
		};
		FF19E20A27C628E100DBD52D /* PBXTargetDependency */ = {
			isa = PBXTargetDependency;
			target = FF19E1E727C628DD00DBD52D /* CryptocurrencyExchange */;
			targetProxy = FF19E20927C628E100DBD52D /* PBXContainerItemProxy */;
		};
/* End PBXTargetDependency section */

/* Begin PBXVariantGroup section */
		FF19E1F627C628E100DBD52D /* LaunchScreen.storyboard */ = {
			isa = PBXVariantGroup;
			children = (
				FF19E1F727C628E100DBD52D /* Base */,
			);
			name = LaunchScreen.storyboard;
			sourceTree = "<group>";
		};
/* End PBXVariantGroup section */

/* Begin XCBuildConfiguration section */
		FF19E21027C628E100DBD52D /* Debug */ = {
			isa = XCBuildConfiguration;
			buildSettings = {
				ALWAYS_SEARCH_USER_PATHS = NO;
				CLANG_ANALYZER_NONNULL = YES;
				CLANG_ANALYZER_NUMBER_OBJECT_CONVERSION = YES_AGGRESSIVE;
				CLANG_CXX_LANGUAGE_STANDARD = "gnu++17";
				CLANG_CXX_LIBRARY = "libc++";
				CLANG_ENABLE_MODULES = YES;
				CLANG_ENABLE_OBJC_ARC = YES;
				CLANG_ENABLE_OBJC_WEAK = YES;
				CLANG_WARN_BLOCK_CAPTURE_AUTORELEASING = YES;
				CLANG_WARN_BOOL_CONVERSION = YES;
				CLANG_WARN_COMMA = YES;
				CLANG_WARN_CONSTANT_CONVERSION = YES;
				CLANG_WARN_DEPRECATED_OBJC_IMPLEMENTATIONS = YES;
				CLANG_WARN_DIRECT_OBJC_ISA_USAGE = YES_ERROR;
				CLANG_WARN_DOCUMENTATION_COMMENTS = YES;
				CLANG_WARN_EMPTY_BODY = YES;
				CLANG_WARN_ENUM_CONVERSION = YES;
				CLANG_WARN_INFINITE_RECURSION = YES;
				CLANG_WARN_INT_CONVERSION = YES;
				CLANG_WARN_NON_LITERAL_NULL_CONVERSION = YES;
				CLANG_WARN_OBJC_IMPLICIT_RETAIN_SELF = YES;
				CLANG_WARN_OBJC_LITERAL_CONVERSION = YES;
				CLANG_WARN_OBJC_ROOT_CLASS = YES_ERROR;
				CLANG_WARN_QUOTED_INCLUDE_IN_FRAMEWORK_HEADER = YES;
				CLANG_WARN_RANGE_LOOP_ANALYSIS = YES;
				CLANG_WARN_STRICT_PROTOTYPES = YES;
				CLANG_WARN_SUSPICIOUS_MOVE = YES;
				CLANG_WARN_UNGUARDED_AVAILABILITY = YES_AGGRESSIVE;
				CLANG_WARN_UNREACHABLE_CODE = YES;
				CLANG_WARN__DUPLICATE_METHOD_MATCH = YES;
				COPY_PHASE_STRIP = NO;
				DEBUG_INFORMATION_FORMAT = dwarf;
				ENABLE_STRICT_OBJC_MSGSEND = YES;
				ENABLE_TESTABILITY = YES;
				GCC_C_LANGUAGE_STANDARD = gnu11;
				GCC_DYNAMIC_NO_PIC = NO;
				GCC_NO_COMMON_BLOCKS = YES;
				GCC_OPTIMIZATION_LEVEL = 0;
				GCC_PREPROCESSOR_DEFINITIONS = (
					"DEBUG=1",
					"$(inherited)",
				);
				GCC_WARN_64_TO_32_BIT_CONVERSION = YES;
				GCC_WARN_ABOUT_RETURN_TYPE = YES_ERROR;
				GCC_WARN_UNDECLARED_SELECTOR = YES;
				GCC_WARN_UNINITIALIZED_AUTOS = YES_AGGRESSIVE;
				GCC_WARN_UNUSED_FUNCTION = YES;
				GCC_WARN_UNUSED_VARIABLE = YES;
				IPHONEOS_DEPLOYMENT_TARGET = 15.2;
				MTL_ENABLE_DEBUG_INFO = INCLUDE_SOURCE;
				MTL_FAST_MATH = YES;
				ONLY_ACTIVE_ARCH = YES;
				SDKROOT = iphoneos;
				SWIFT_ACTIVE_COMPILATION_CONDITIONS = DEBUG;
				SWIFT_OPTIMIZATION_LEVEL = "-Onone";
			};
			name = Debug;
		};
		FF19E21127C628E100DBD52D /* Release */ = {
			isa = XCBuildConfiguration;
			buildSettings = {
				ALWAYS_SEARCH_USER_PATHS = NO;
				CLANG_ANALYZER_NONNULL = YES;
				CLANG_ANALYZER_NUMBER_OBJECT_CONVERSION = YES_AGGRESSIVE;
				CLANG_CXX_LANGUAGE_STANDARD = "gnu++17";
				CLANG_CXX_LIBRARY = "libc++";
				CLANG_ENABLE_MODULES = YES;
				CLANG_ENABLE_OBJC_ARC = YES;
				CLANG_ENABLE_OBJC_WEAK = YES;
				CLANG_WARN_BLOCK_CAPTURE_AUTORELEASING = YES;
				CLANG_WARN_BOOL_CONVERSION = YES;
				CLANG_WARN_COMMA = YES;
				CLANG_WARN_CONSTANT_CONVERSION = YES;
				CLANG_WARN_DEPRECATED_OBJC_IMPLEMENTATIONS = YES;
				CLANG_WARN_DIRECT_OBJC_ISA_USAGE = YES_ERROR;
				CLANG_WARN_DOCUMENTATION_COMMENTS = YES;
				CLANG_WARN_EMPTY_BODY = YES;
				CLANG_WARN_ENUM_CONVERSION = YES;
				CLANG_WARN_INFINITE_RECURSION = YES;
				CLANG_WARN_INT_CONVERSION = YES;
				CLANG_WARN_NON_LITERAL_NULL_CONVERSION = YES;
				CLANG_WARN_OBJC_IMPLICIT_RETAIN_SELF = YES;
				CLANG_WARN_OBJC_LITERAL_CONVERSION = YES;
				CLANG_WARN_OBJC_ROOT_CLASS = YES_ERROR;
				CLANG_WARN_QUOTED_INCLUDE_IN_FRAMEWORK_HEADER = YES;
				CLANG_WARN_RANGE_LOOP_ANALYSIS = YES;
				CLANG_WARN_STRICT_PROTOTYPES = YES;
				CLANG_WARN_SUSPICIOUS_MOVE = YES;
				CLANG_WARN_UNGUARDED_AVAILABILITY = YES_AGGRESSIVE;
				CLANG_WARN_UNREACHABLE_CODE = YES;
				CLANG_WARN__DUPLICATE_METHOD_MATCH = YES;
				COPY_PHASE_STRIP = NO;
				DEBUG_INFORMATION_FORMAT = "dwarf-with-dsym";
				ENABLE_NS_ASSERTIONS = NO;
				ENABLE_STRICT_OBJC_MSGSEND = YES;
				GCC_C_LANGUAGE_STANDARD = gnu11;
				GCC_NO_COMMON_BLOCKS = YES;
				GCC_WARN_64_TO_32_BIT_CONVERSION = YES;
				GCC_WARN_ABOUT_RETURN_TYPE = YES_ERROR;
				GCC_WARN_UNDECLARED_SELECTOR = YES;
				GCC_WARN_UNINITIALIZED_AUTOS = YES_AGGRESSIVE;
				GCC_WARN_UNUSED_FUNCTION = YES;
				GCC_WARN_UNUSED_VARIABLE = YES;
				IPHONEOS_DEPLOYMENT_TARGET = 15.2;
				MTL_ENABLE_DEBUG_INFO = NO;
				MTL_FAST_MATH = YES;
				SDKROOT = iphoneos;
				SWIFT_COMPILATION_MODE = wholemodule;
				SWIFT_OPTIMIZATION_LEVEL = "-O";
				VALIDATE_PRODUCT = YES;
			};
			name = Release;
		};
		FF19E21327C628E100DBD52D /* Debug */ = {
			isa = XCBuildConfiguration;
			buildSettings = {
				ASSETCATALOG_COMPILER_APPICON_NAME = AppIcon;
				ASSETCATALOG_COMPILER_GLOBAL_ACCENT_COLOR_NAME = AccentColor;
				CODE_SIGN_STYLE = Automatic;
				CURRENT_PROJECT_VERSION = 1;
				DEVELOPMENT_TEAM = AZX9TD66UC;
				GENERATE_INFOPLIST_FILE = YES;
				INFOPLIST_FILE = "CryptocurrencyExchange/Supporting Files/Info.plist";
				INFOPLIST_KEY_UIApplicationSupportsIndirectInputEvents = YES;
				INFOPLIST_KEY_UILaunchStoryboardName = LaunchScreen;
				INFOPLIST_KEY_UIMainStoryboardFile = "";
				INFOPLIST_KEY_UISupportedInterfaceOrientations_iPad = "UIInterfaceOrientationPortrait UIInterfaceOrientationPortraitUpsideDown UIInterfaceOrientationLandscapeLeft UIInterfaceOrientationLandscapeRight";
				INFOPLIST_KEY_UISupportedInterfaceOrientations_iPhone = "UIInterfaceOrientationPortrait UIInterfaceOrientationLandscapeLeft UIInterfaceOrientationLandscapeRight";
				IPHONEOS_DEPLOYMENT_TARGET = 13.0;
				LD_RUNPATH_SEARCH_PATHS = (
					"$(inherited)",
					"@executable_path/Frameworks",
				);
				MARKETING_VERSION = 1.0;
				PRODUCT_BUNDLE_IDENTIFIER = com.happyu.CryptocurrencyExchange;
				PRODUCT_NAME = "$(TARGET_NAME)";
				SWIFT_EMIT_LOC_STRINGS = YES;
				SWIFT_VERSION = 5.0;
				TARGETED_DEVICE_FAMILY = "1,2";
			};
			name = Debug;
		};
		FF19E21427C628E100DBD52D /* Release */ = {
			isa = XCBuildConfiguration;
			buildSettings = {
				ASSETCATALOG_COMPILER_APPICON_NAME = AppIcon;
				ASSETCATALOG_COMPILER_GLOBAL_ACCENT_COLOR_NAME = AccentColor;
				CODE_SIGN_STYLE = Automatic;
				CURRENT_PROJECT_VERSION = 1;
				DEVELOPMENT_TEAM = AZX9TD66UC;
				GENERATE_INFOPLIST_FILE = YES;
				INFOPLIST_FILE = "CryptocurrencyExchange/Supporting Files/Info.plist";
				INFOPLIST_KEY_UIApplicationSupportsIndirectInputEvents = YES;
				INFOPLIST_KEY_UILaunchStoryboardName = LaunchScreen;
				INFOPLIST_KEY_UIMainStoryboardFile = "";
				INFOPLIST_KEY_UISupportedInterfaceOrientations_iPad = "UIInterfaceOrientationPortrait UIInterfaceOrientationPortraitUpsideDown UIInterfaceOrientationLandscapeLeft UIInterfaceOrientationLandscapeRight";
				INFOPLIST_KEY_UISupportedInterfaceOrientations_iPhone = "UIInterfaceOrientationPortrait UIInterfaceOrientationLandscapeLeft UIInterfaceOrientationLandscapeRight";
				IPHONEOS_DEPLOYMENT_TARGET = 13.0;
				LD_RUNPATH_SEARCH_PATHS = (
					"$(inherited)",
					"@executable_path/Frameworks",
				);
				MARKETING_VERSION = 1.0;
				PRODUCT_BUNDLE_IDENTIFIER = com.happyu.CryptocurrencyExchange;
				PRODUCT_NAME = "$(TARGET_NAME)";
				SWIFT_EMIT_LOC_STRINGS = YES;
				SWIFT_VERSION = 5.0;
				TARGETED_DEVICE_FAMILY = "1,2";
			};
			name = Release;
		};
		FF19E21627C628E100DBD52D /* Debug */ = {
			isa = XCBuildConfiguration;
			buildSettings = {
				ALWAYS_EMBED_SWIFT_STANDARD_LIBRARIES = YES;
				BUNDLE_LOADER = "$(TEST_HOST)";
				CODE_SIGN_STYLE = Automatic;
				CURRENT_PROJECT_VERSION = 1;
				DEVELOPMENT_TEAM = AZX9TD66UC;
				GENERATE_INFOPLIST_FILE = YES;
				IPHONEOS_DEPLOYMENT_TARGET = 15.2;
				MARKETING_VERSION = 1.0;
				PRODUCT_BUNDLE_IDENTIFIER = com.happyu.CryptocurrencyExchangeTests;
				PRODUCT_NAME = "$(TARGET_NAME)";
				SWIFT_EMIT_LOC_STRINGS = NO;
				SWIFT_VERSION = 5.0;
				TARGETED_DEVICE_FAMILY = "1,2";
				TEST_HOST = "$(BUILT_PRODUCTS_DIR)/CryptocurrencyExchange.app/CryptocurrencyExchange";
			};
			name = Debug;
		};
		FF19E21727C628E100DBD52D /* Release */ = {
			isa = XCBuildConfiguration;
			buildSettings = {
				ALWAYS_EMBED_SWIFT_STANDARD_LIBRARIES = YES;
				BUNDLE_LOADER = "$(TEST_HOST)";
				CODE_SIGN_STYLE = Automatic;
				CURRENT_PROJECT_VERSION = 1;
				DEVELOPMENT_TEAM = AZX9TD66UC;
				GENERATE_INFOPLIST_FILE = YES;
				IPHONEOS_DEPLOYMENT_TARGET = 15.2;
				MARKETING_VERSION = 1.0;
				PRODUCT_BUNDLE_IDENTIFIER = com.happyu.CryptocurrencyExchangeTests;
				PRODUCT_NAME = "$(TARGET_NAME)";
				SWIFT_EMIT_LOC_STRINGS = NO;
				SWIFT_VERSION = 5.0;
				TARGETED_DEVICE_FAMILY = "1,2";
				TEST_HOST = "$(BUILT_PRODUCTS_DIR)/CryptocurrencyExchange.app/CryptocurrencyExchange";
			};
			name = Release;
		};
		FF19E21927C628E100DBD52D /* Debug */ = {
			isa = XCBuildConfiguration;
			buildSettings = {
				ALWAYS_EMBED_SWIFT_STANDARD_LIBRARIES = YES;
				CODE_SIGN_STYLE = Automatic;
				CURRENT_PROJECT_VERSION = 1;
				DEVELOPMENT_TEAM = AZX9TD66UC;
				GENERATE_INFOPLIST_FILE = YES;
				MARKETING_VERSION = 1.0;
				PRODUCT_BUNDLE_IDENTIFIER = com.happyu.CryptocurrencyExchangeUITests;
				PRODUCT_NAME = "$(TARGET_NAME)";
				SWIFT_EMIT_LOC_STRINGS = NO;
				SWIFT_VERSION = 5.0;
				TARGETED_DEVICE_FAMILY = "1,2";
				TEST_TARGET_NAME = CryptocurrencyExchange;
			};
			name = Debug;
		};
		FF19E21A27C628E100DBD52D /* Release */ = {
			isa = XCBuildConfiguration;
			buildSettings = {
				ALWAYS_EMBED_SWIFT_STANDARD_LIBRARIES = YES;
				CODE_SIGN_STYLE = Automatic;
				CURRENT_PROJECT_VERSION = 1;
				DEVELOPMENT_TEAM = AZX9TD66UC;
				GENERATE_INFOPLIST_FILE = YES;
				MARKETING_VERSION = 1.0;
				PRODUCT_BUNDLE_IDENTIFIER = com.happyu.CryptocurrencyExchangeUITests;
				PRODUCT_NAME = "$(TARGET_NAME)";
				SWIFT_EMIT_LOC_STRINGS = NO;
				SWIFT_VERSION = 5.0;
				TARGETED_DEVICE_FAMILY = "1,2";
				TEST_TARGET_NAME = CryptocurrencyExchange;
			};
			name = Release;
		};
/* End XCBuildConfiguration section */

/* Begin XCConfigurationList section */
		FF19E1E327C628DD00DBD52D /* Build configuration list for PBXProject "CryptocurrencyExchange" */ = {
			isa = XCConfigurationList;
			buildConfigurations = (
				FF19E21027C628E100DBD52D /* Debug */,
				FF19E21127C628E100DBD52D /* Release */,
			);
			defaultConfigurationIsVisible = 0;
			defaultConfigurationName = Release;
		};
		FF19E21227C628E100DBD52D /* Build configuration list for PBXNativeTarget "CryptocurrencyExchange" */ = {
			isa = XCConfigurationList;
			buildConfigurations = (
				FF19E21327C628E100DBD52D /* Debug */,
				FF19E21427C628E100DBD52D /* Release */,
			);
			defaultConfigurationIsVisible = 0;
			defaultConfigurationName = Release;
		};
		FF19E21527C628E100DBD52D /* Build configuration list for PBXNativeTarget "CryptocurrencyExchangeTests" */ = {
			isa = XCConfigurationList;
			buildConfigurations = (
				FF19E21627C628E100DBD52D /* Debug */,
				FF19E21727C628E100DBD52D /* Release */,
			);
			defaultConfigurationIsVisible = 0;
			defaultConfigurationName = Release;
		};
		FF19E21827C628E100DBD52D /* Build configuration list for PBXNativeTarget "CryptocurrencyExchangeUITests" */ = {
			isa = XCConfigurationList;
			buildConfigurations = (
				FF19E21927C628E100DBD52D /* Debug */,
				FF19E21A27C628E100DBD52D /* Release */,
			);
			defaultConfigurationIsVisible = 0;
			defaultConfigurationName = Release;
		};
/* End XCConfigurationList section */

/* Begin XCRemoteSwiftPackageReference section */
		FF19E21B27C62A9A00DBD52D /* XCRemoteSwiftPackageReference "Alamofire" */ = {
			isa = XCRemoteSwiftPackageReference;
			repositoryURL = "https://github.com/Alamofire/Alamofire";
			requirement = {
				kind = upToNextMajorVersion;
				minimumVersion = 5.0.0;
			};
		};
		FF19E21E27C62B8600DBD52D /* XCRemoteSwiftPackageReference "Kingfisher" */ = {
			isa = XCRemoteSwiftPackageReference;
			repositoryURL = "https://github.com/onevcat/Kingfisher";
			requirement = {
				kind = upToNextMajorVersion;
				minimumVersion = 7.0.0;
			};
		};
		FF19E22127C62BA000DBD52D /* XCRemoteSwiftPackageReference "Starscream" */ = {
			isa = XCRemoteSwiftPackageReference;
			repositoryURL = "https://github.com/daltoniam/Starscream";
			requirement = {
				kind = upToNextMajorVersion;
				minimumVersion = 4.0.0;
			};
		};
		FF19E22427C62BC900DBD52D /* XCRemoteSwiftPackageReference "Charts" */ = {
			isa = XCRemoteSwiftPackageReference;
			repositoryURL = "https://github.com/danielgindi/Charts";
			requirement = {
				kind = upToNextMajorVersion;
				minimumVersion = 3.0.0;
			};
		};
/* End XCRemoteSwiftPackageReference section */

/* Begin XCSwiftPackageProductDependency section */
		FF19E21C27C62A9A00DBD52D /* Alamofire */ = {
			isa = XCSwiftPackageProductDependency;
			package = FF19E21B27C62A9A00DBD52D /* XCRemoteSwiftPackageReference "Alamofire" */;
			productName = Alamofire;
		};
		FF19E21F27C62B8700DBD52D /* Kingfisher */ = {
			isa = XCSwiftPackageProductDependency;
			package = FF19E21E27C62B8600DBD52D /* XCRemoteSwiftPackageReference "Kingfisher" */;
			productName = Kingfisher;
		};
		FF19E22227C62BA000DBD52D /* Starscream */ = {
			isa = XCSwiftPackageProductDependency;
			package = FF19E22127C62BA000DBD52D /* XCRemoteSwiftPackageReference "Starscream" */;
			productName = Starscream;
		};
		FF19E22527C62BC900DBD52D /* Charts */ = {
			isa = XCSwiftPackageProductDependency;
			package = FF19E22427C62BC900DBD52D /* XCRemoteSwiftPackageReference "Charts" */;
			productName = Charts;
		};
/* End XCSwiftPackageProductDependency section */
	};
	rootObject = FF19E1E027C628DD00DBD52D /* Project object */;
}
