// !$*UTF8*$!
{
	archiveVersion = 1;
	classes = {
	};
	objectVersion = 55;
	objects = {

/* Begin PBXBuildFile section */
		FF19E19E27C3DC6400DBD52D /* AppDelegate.swift in Sources */ = {isa = PBXBuildFile; fileRef = FF19E19D27C3DC6400DBD52D /* AppDelegate.swift */; };
		FF19E1A027C3DC6400DBD52D /* SceneDelegate.swift in Sources */ = {isa = PBXBuildFile; fileRef = FF19E19F27C3DC6400DBD52D /* SceneDelegate.swift */; };
		FF19E1A227C3DC6400DBD52D /* ViewController.swift in Sources */ = {isa = PBXBuildFile; fileRef = FF19E1A127C3DC6400DBD52D /* ViewController.swift */; };
		FF19E1A527C3DC6400DBD52D /* Main.storyboard in Resources */ = {isa = PBXBuildFile; fileRef = FF19E1A327C3DC6400DBD52D /* Main.storyboard */; };
		FF19E1A727C3DC6500DBD52D /* Assets.xcassets in Resources */ = {isa = PBXBuildFile; fileRef = FF19E1A627C3DC6500DBD52D /* Assets.xcassets */; };
		FF19E1AA27C3DC6500DBD52D /* LaunchScreen.storyboard in Resources */ = {isa = PBXBuildFile; fileRef = FF19E1A827C3DC6500DBD52D /* LaunchScreen.storyboard */; };
		FF19E1B527C3DC6500DBD52D /* coinTradingAppTests.swift in Sources */ = {isa = PBXBuildFile; fileRef = FF19E1B427C3DC6500DBD52D /* coinTradingAppTests.swift */; };
		FF19E1BF27C3DC6500DBD52D /* coinTradingAppUITests.swift in Sources */ = {isa = PBXBuildFile; fileRef = FF19E1BE27C3DC6500DBD52D /* coinTradingAppUITests.swift */; };
		FF19E1C127C3DC6500DBD52D /* coinTradingAppUITestsLaunchTests.swift in Sources */ = {isa = PBXBuildFile; fileRef = FF19E1C027C3DC6500DBD52D /* coinTradingAppUITestsLaunchTests.swift */; };
/* End PBXBuildFile section */

/* Begin PBXContainerItemProxy section */
		FF19E1B127C3DC6500DBD52D /* PBXContainerItemProxy */ = {
			isa = PBXContainerItemProxy;
			containerPortal = FF19E19227C3DC6300DBD52D /* Project object */;
			proxyType = 1;
			remoteGlobalIDString = FF19E19927C3DC6400DBD52D;
			remoteInfo = coinTradingApp;
		};
		FF19E1BB27C3DC6500DBD52D /* PBXContainerItemProxy */ = {
			isa = PBXContainerItemProxy;
			containerPortal = FF19E19227C3DC6300DBD52D /* Project object */;
			proxyType = 1;
			remoteGlobalIDString = FF19E19927C3DC6400DBD52D;
			remoteInfo = coinTradingApp;
		};
/* End PBXContainerItemProxy section */

/* Begin PBXFileReference section */
		FF19E19A27C3DC6400DBD52D /* coinTradingApp.app */ = {isa = PBXFileReference; explicitFileType = wrapper.application; includeInIndex = 0; path = coinTradingApp.app; sourceTree = BUILT_PRODUCTS_DIR; };
		FF19E19D27C3DC6400DBD52D /* AppDelegate.swift */ = {isa = PBXFileReference; lastKnownFileType = sourcecode.swift; path = AppDelegate.swift; sourceTree = "<group>"; };
		FF19E19F27C3DC6400DBD52D /* SceneDelegate.swift */ = {isa = PBXFileReference; lastKnownFileType = sourcecode.swift; path = SceneDelegate.swift; sourceTree = "<group>"; };
		FF19E1A127C3DC6400DBD52D /* ViewController.swift */ = {isa = PBXFileReference; lastKnownFileType = sourcecode.swift; path = ViewController.swift; sourceTree = "<group>"; };
		FF19E1A427C3DC6400DBD52D /* Base */ = {isa = PBXFileReference; lastKnownFileType = file.storyboard; name = Base; path = Base.lproj/Main.storyboard; sourceTree = "<group>"; };
		FF19E1A627C3DC6500DBD52D /* Assets.xcassets */ = {isa = PBXFileReference; lastKnownFileType = folder.assetcatalog; path = Assets.xcassets; sourceTree = "<group>"; };
		FF19E1A927C3DC6500DBD52D /* Base */ = {isa = PBXFileReference; lastKnownFileType = file.storyboard; name = Base; path = Base.lproj/LaunchScreen.storyboard; sourceTree = "<group>"; };
		FF19E1AB27C3DC6500DBD52D /* Info.plist */ = {isa = PBXFileReference; lastKnownFileType = text.plist.xml; path = Info.plist; sourceTree = "<group>"; };
		FF19E1B027C3DC6500DBD52D /* coinTradingAppTests.xctest */ = {isa = PBXFileReference; explicitFileType = wrapper.cfbundle; includeInIndex = 0; path = coinTradingAppTests.xctest; sourceTree = BUILT_PRODUCTS_DIR; };
		FF19E1B427C3DC6500DBD52D /* coinTradingAppTests.swift */ = {isa = PBXFileReference; lastKnownFileType = sourcecode.swift; path = coinTradingAppTests.swift; sourceTree = "<group>"; };
		FF19E1BA27C3DC6500DBD52D /* coinTradingAppUITests.xctest */ = {isa = PBXFileReference; explicitFileType = wrapper.cfbundle; includeInIndex = 0; path = coinTradingAppUITests.xctest; sourceTree = BUILT_PRODUCTS_DIR; };
		FF19E1BE27C3DC6500DBD52D /* coinTradingAppUITests.swift */ = {isa = PBXFileReference; lastKnownFileType = sourcecode.swift; path = coinTradingAppUITests.swift; sourceTree = "<group>"; };
		FF19E1C027C3DC6500DBD52D /* coinTradingAppUITestsLaunchTests.swift */ = {isa = PBXFileReference; lastKnownFileType = sourcecode.swift; path = coinTradingAppUITestsLaunchTests.swift; sourceTree = "<group>"; };
/* End PBXFileReference section */

/* Begin PBXFrameworksBuildPhase section */
		FF19E19727C3DC6400DBD52D /* Frameworks */ = {
			isa = PBXFrameworksBuildPhase;
			buildActionMask = 2147483647;
			files = (
			);
			runOnlyForDeploymentPostprocessing = 0;
		};
		FF19E1AD27C3DC6500DBD52D /* Frameworks */ = {
			isa = PBXFrameworksBuildPhase;
			buildActionMask = 2147483647;
			files = (
			);
			runOnlyForDeploymentPostprocessing = 0;
		};
		FF19E1B727C3DC6500DBD52D /* Frameworks */ = {
			isa = PBXFrameworksBuildPhase;
			buildActionMask = 2147483647;
			files = (
			);
			runOnlyForDeploymentPostprocessing = 0;
		};
/* End PBXFrameworksBuildPhase section */

/* Begin PBXGroup section */
		FF19E19127C3DC6300DBD52D = {
			isa = PBXGroup;
			children = (
				FF19E19C27C3DC6400DBD52D /* coinTradingApp */,
				FF19E1B327C3DC6500DBD52D /* coinTradingAppTests */,
				FF19E1BD27C3DC6500DBD52D /* coinTradingAppUITests */,
				FF19E19B27C3DC6400DBD52D /* Products */,
			);
			sourceTree = "<group>";
		};
		FF19E19B27C3DC6400DBD52D /* Products */ = {
			isa = PBXGroup;
			children = (
				FF19E19A27C3DC6400DBD52D /* coinTradingApp.app */,
				FF19E1B027C3DC6500DBD52D /* coinTradingAppTests.xctest */,
				FF19E1BA27C3DC6500DBD52D /* coinTradingAppUITests.xctest */,
			);
			name = Products;
			sourceTree = "<group>";
		};
		FF19E19C27C3DC6400DBD52D /* coinTradingApp */ = {
			isa = PBXGroup;
			children = (
				FF19E19D27C3DC6400DBD52D /* AppDelegate.swift */,
				FF19E19F27C3DC6400DBD52D /* SceneDelegate.swift */,
				FF19E1A127C3DC6400DBD52D /* ViewController.swift */,
				FF19E1A327C3DC6400DBD52D /* Main.storyboard */,
				FF19E1A627C3DC6500DBD52D /* Assets.xcassets */,
				FF19E1A827C3DC6500DBD52D /* LaunchScreen.storyboard */,
				FF19E1AB27C3DC6500DBD52D /* Info.plist */,
			);
			path = coinTradingApp;
			sourceTree = "<group>";
		};
		FF19E1B327C3DC6500DBD52D /* coinTradingAppTests */ = {
			isa = PBXGroup;
			children = (
				FF19E1B427C3DC6500DBD52D /* coinTradingAppTests.swift */,
			);
			path = coinTradingAppTests;
			sourceTree = "<group>";
		};
		FF19E1BD27C3DC6500DBD52D /* coinTradingAppUITests */ = {
			isa = PBXGroup;
			children = (
				FF19E1BE27C3DC6500DBD52D /* coinTradingAppUITests.swift */,
				FF19E1C027C3DC6500DBD52D /* coinTradingAppUITestsLaunchTests.swift */,
			);
			path = coinTradingAppUITests;
			sourceTree = "<group>";
		};
/* End PBXGroup section */

/* Begin PBXNativeTarget section */
		FF19E19927C3DC6400DBD52D /* coinTradingApp */ = {
			isa = PBXNativeTarget;
			buildConfigurationList = FF19E1C427C3DC6500DBD52D /* Build configuration list for PBXNativeTarget "coinTradingApp" */;
			buildPhases = (
				FF19E19627C3DC6400DBD52D /* Sources */,
				FF19E19727C3DC6400DBD52D /* Frameworks */,
				FF19E19827C3DC6400DBD52D /* Resources */,
			);
			buildRules = (
			);
			dependencies = (
			);
			name = coinTradingApp;
			productName = coinTradingApp;
			productReference = FF19E19A27C3DC6400DBD52D /* coinTradingApp.app */;
			productType = "com.apple.product-type.application";
		};
		FF19E1AF27C3DC6500DBD52D /* coinTradingAppTests */ = {
			isa = PBXNativeTarget;
			buildConfigurationList = FF19E1C727C3DC6500DBD52D /* Build configuration list for PBXNativeTarget "coinTradingAppTests" */;
			buildPhases = (
				FF19E1AC27C3DC6500DBD52D /* Sources */,
				FF19E1AD27C3DC6500DBD52D /* Frameworks */,
				FF19E1AE27C3DC6500DBD52D /* Resources */,
			);
			buildRules = (
			);
			dependencies = (
				FF19E1B227C3DC6500DBD52D /* PBXTargetDependency */,
			);
			name = coinTradingAppTests;
			productName = coinTradingAppTests;
			productReference = FF19E1B027C3DC6500DBD52D /* coinTradingAppTests.xctest */;
			productType = "com.apple.product-type.bundle.unit-test";
		};
		FF19E1B927C3DC6500DBD52D /* coinTradingAppUITests */ = {
			isa = PBXNativeTarget;
			buildConfigurationList = FF19E1CA27C3DC6500DBD52D /* Build configuration list for PBXNativeTarget "coinTradingAppUITests" */;
			buildPhases = (
				FF19E1B627C3DC6500DBD52D /* Sources */,
				FF19E1B727C3DC6500DBD52D /* Frameworks */,
				FF19E1B827C3DC6500DBD52D /* Resources */,
			);
			buildRules = (
			);
			dependencies = (
				FF19E1BC27C3DC6500DBD52D /* PBXTargetDependency */,
			);
			name = coinTradingAppUITests;
			productName = coinTradingAppUITests;
			productReference = FF19E1BA27C3DC6500DBD52D /* coinTradingAppUITests.xctest */;
			productType = "com.apple.product-type.bundle.ui-testing";
		};
/* End PBXNativeTarget section */

/* Begin PBXProject section */
		FF19E19227C3DC6300DBD52D /* Project object */ = {
			isa = PBXProject;
			attributes = {
				BuildIndependentTargetsInParallel = 1;
				LastSwiftUpdateCheck = 1320;
				LastUpgradeCheck = 1320;
				TargetAttributes = {
					FF19E19927C3DC6400DBD52D = {
						CreatedOnToolsVersion = 13.2.1;
					};
					FF19E1AF27C3DC6500DBD52D = {
						CreatedOnToolsVersion = 13.2.1;
						TestTargetID = FF19E19927C3DC6400DBD52D;
					};
					FF19E1B927C3DC6500DBD52D = {
						CreatedOnToolsVersion = 13.2.1;
						TestTargetID = FF19E19927C3DC6400DBD52D;
					};
				};
			};
			buildConfigurationList = FF19E19527C3DC6300DBD52D /* Build configuration list for PBXProject "coinTradingApp" */;
			compatibilityVersion = "Xcode 13.0";
			developmentRegion = en;
			hasScannedForEncodings = 0;
			knownRegions = (
				en,
				Base,
			);
			mainGroup = FF19E19127C3DC6300DBD52D;
			productRefGroup = FF19E19B27C3DC6400DBD52D /* Products */;
			projectDirPath = "";
			projectRoot = "";
			targets = (
				FF19E19927C3DC6400DBD52D /* coinTradingApp */,
				FF19E1AF27C3DC6500DBD52D /* coinTradingAppTests */,
				FF19E1B927C3DC6500DBD52D /* coinTradingAppUITests */,
			);
		};
/* End PBXProject section */

/* Begin PBXResourcesBuildPhase section */
		FF19E19827C3DC6400DBD52D /* Resources */ = {
			isa = PBXResourcesBuildPhase;
			buildActionMask = 2147483647;
			files = (
				FF19E1AA27C3DC6500DBD52D /* LaunchScreen.storyboard in Resources */,
				FF19E1A727C3DC6500DBD52D /* Assets.xcassets in Resources */,
				FF19E1A527C3DC6400DBD52D /* Main.storyboard in Resources */,
			);
			runOnlyForDeploymentPostprocessing = 0;
		};
		FF19E1AE27C3DC6500DBD52D /* Resources */ = {
			isa = PBXResourcesBuildPhase;
			buildActionMask = 2147483647;
			files = (
			);
			runOnlyForDeploymentPostprocessing = 0;
		};
		FF19E1B827C3DC6500DBD52D /* Resources */ = {
			isa = PBXResourcesBuildPhase;
			buildActionMask = 2147483647;
			files = (
			);
			runOnlyForDeploymentPostprocessing = 0;
		};
/* End PBXResourcesBuildPhase section */

/* Begin PBXSourcesBuildPhase section */
		FF19E19627C3DC6400DBD52D /* Sources */ = {
			isa = PBXSourcesBuildPhase;
			buildActionMask = 2147483647;
			files = (
				FF19E1A227C3DC6400DBD52D /* ViewController.swift in Sources */,
				FF19E19E27C3DC6400DBD52D /* AppDelegate.swift in Sources */,
				FF19E1A027C3DC6400DBD52D /* SceneDelegate.swift in Sources */,
			);
			runOnlyForDeploymentPostprocessing = 0;
		};
		FF19E1AC27C3DC6500DBD52D /* Sources */ = {
			isa = PBXSourcesBuildPhase;
			buildActionMask = 2147483647;
			files = (
				FF19E1B527C3DC6500DBD52D /* coinTradingAppTests.swift in Sources */,
			);
			runOnlyForDeploymentPostprocessing = 0;
		};
		FF19E1B627C3DC6500DBD52D /* Sources */ = {
			isa = PBXSourcesBuildPhase;
			buildActionMask = 2147483647;
			files = (
				FF19E1BF27C3DC6500DBD52D /* coinTradingAppUITests.swift in Sources */,
				FF19E1C127C3DC6500DBD52D /* coinTradingAppUITestsLaunchTests.swift in Sources */,
			);
			runOnlyForDeploymentPostprocessing = 0;
		};
/* End PBXSourcesBuildPhase section */

/* Begin PBXTargetDependency section */
		FF19E1B227C3DC6500DBD52D /* PBXTargetDependency */ = {
			isa = PBXTargetDependency;
			target = FF19E19927C3DC6400DBD52D /* coinTradingApp */;
			targetProxy = FF19E1B127C3DC6500DBD52D /* PBXContainerItemProxy */;
		};
		FF19E1BC27C3DC6500DBD52D /* PBXTargetDependency */ = {
			isa = PBXTargetDependency;
			target = FF19E19927C3DC6400DBD52D /* coinTradingApp */;
			targetProxy = FF19E1BB27C3DC6500DBD52D /* PBXContainerItemProxy */;
		};
/* End PBXTargetDependency section */

/* Begin PBXVariantGroup section */
		FF19E1A327C3DC6400DBD52D /* Main.storyboard */ = {
			isa = PBXVariantGroup;
			children = (
				FF19E1A427C3DC6400DBD52D /* Base */,
			);
			name = Main.storyboard;
			sourceTree = "<group>";
		};
		FF19E1A827C3DC6500DBD52D /* LaunchScreen.storyboard */ = {
			isa = PBXVariantGroup;
			children = (
				FF19E1A927C3DC6500DBD52D /* Base */,
			);
			name = LaunchScreen.storyboard;
			sourceTree = "<group>";
		};
/* End PBXVariantGroup section */

/* Begin XCBuildConfiguration section */
		FF19E1C227C3DC6500DBD52D /* Debug */ = {
			isa = XCBuildConfiguration;
			buildSettings = {
				ALWAYS_SEARCH_USER_PATHS = NO;
				CLANG_ANALYZER_NONNULL = YES;
				CLANG_ANALYZER_NUMBER_OBJECT_CONVERSION = YES_AGGRESSIVE;
				CLANG_CXX_LANGUAGE_STANDARD = "gnu++17";
				CLANG_CXX_LIBRARY = "libc++";
				CLANG_ENABLE_MODULES = YES;
				CLANG_ENABLE_OBJC_ARC = YES;
				CLANG_ENABLE_OBJC_WEAK = YES;
				CLANG_WARN_BLOCK_CAPTURE_AUTORELEASING = YES;
				CLANG_WARN_BOOL_CONVERSION = YES;
				CLANG_WARN_COMMA = YES;
				CLANG_WARN_CONSTANT_CONVERSION = YES;
				CLANG_WARN_DEPRECATED_OBJC_IMPLEMENTATIONS = YES;
				CLANG_WARN_DIRECT_OBJC_ISA_USAGE = YES_ERROR;
				CLANG_WARN_DOCUMENTATION_COMMENTS = YES;
				CLANG_WARN_EMPTY_BODY = YES;
				CLANG_WARN_ENUM_CONVERSION = YES;
				CLANG_WARN_INFINITE_RECURSION = YES;
				CLANG_WARN_INT_CONVERSION = YES;
				CLANG_WARN_NON_LITERAL_NULL_CONVERSION = YES;
				CLANG_WARN_OBJC_IMPLICIT_RETAIN_SELF = YES;
				CLANG_WARN_OBJC_LITERAL_CONVERSION = YES;
				CLANG_WARN_OBJC_ROOT_CLASS = YES_ERROR;
				CLANG_WARN_QUOTED_INCLUDE_IN_FRAMEWORK_HEADER = YES;
				CLANG_WARN_RANGE_LOOP_ANALYSIS = YES;
				CLANG_WARN_STRICT_PROTOTYPES = YES;
				CLANG_WARN_SUSPICIOUS_MOVE = YES;
				CLANG_WARN_UNGUARDED_AVAILABILITY = YES_AGGRESSIVE;
				CLANG_WARN_UNREACHABLE_CODE = YES;
				CLANG_WARN__DUPLICATE_METHOD_MATCH = YES;
				COPY_PHASE_STRIP = NO;
				DEBUG_INFORMATION_FORMAT = dwarf;
				ENABLE_STRICT_OBJC_MSGSEND = YES;
				ENABLE_TESTABILITY = YES;
				GCC_C_LANGUAGE_STANDARD = gnu11;
				GCC_DYNAMIC_NO_PIC = NO;
				GCC_NO_COMMON_BLOCKS = YES;
				GCC_OPTIMIZATION_LEVEL = 0;
				GCC_PREPROCESSOR_DEFINITIONS = (
					"DEBUG=1",
					"$(inherited)",
				);
				GCC_WARN_64_TO_32_BIT_CONVERSION = YES;
				GCC_WARN_ABOUT_RETURN_TYPE = YES_ERROR;
				GCC_WARN_UNDECLARED_SELECTOR = YES;
				GCC_WARN_UNINITIALIZED_AUTOS = YES_AGGRESSIVE;
				GCC_WARN_UNUSED_FUNCTION = YES;
				GCC_WARN_UNUSED_VARIABLE = YES;
				IPHONEOS_DEPLOYMENT_TARGET = 15.2;
				MTL_ENABLE_DEBUG_INFO = INCLUDE_SOURCE;
				MTL_FAST_MATH = YES;
				ONLY_ACTIVE_ARCH = YES;
				SDKROOT = iphoneos;
				SWIFT_ACTIVE_COMPILATION_CONDITIONS = DEBUG;
				SWIFT_OPTIMIZATION_LEVEL = "-Onone";
			};
			name = Debug;
		};
		FF19E1C327C3DC6500DBD52D /* Release */ = {
			isa = XCBuildConfiguration;
			buildSettings = {
				ALWAYS_SEARCH_USER_PATHS = NO;
				CLANG_ANALYZER_NONNULL = YES;
				CLANG_ANALYZER_NUMBER_OBJECT_CONVERSION = YES_AGGRESSIVE;
				CLANG_CXX_LANGUAGE_STANDARD = "gnu++17";
				CLANG_CXX_LIBRARY = "libc++";
				CLANG_ENABLE_MODULES = YES;
				CLANG_ENABLE_OBJC_ARC = YES;
				CLANG_ENABLE_OBJC_WEAK = YES;
				CLANG_WARN_BLOCK_CAPTURE_AUTORELEASING = YES;
				CLANG_WARN_BOOL_CONVERSION = YES;
				CLANG_WARN_COMMA = YES;
				CLANG_WARN_CONSTANT_CONVERSION = YES;
				CLANG_WARN_DEPRECATED_OBJC_IMPLEMENTATIONS = YES;
				CLANG_WARN_DIRECT_OBJC_ISA_USAGE = YES_ERROR;
				CLANG_WARN_DOCUMENTATION_COMMENTS = YES;
				CLANG_WARN_EMPTY_BODY = YES;
				CLANG_WARN_ENUM_CONVERSION = YES;
				CLANG_WARN_INFINITE_RECURSION = YES;
				CLANG_WARN_INT_CONVERSION = YES;
				CLANG_WARN_NON_LITERAL_NULL_CONVERSION = YES;
				CLANG_WARN_OBJC_IMPLICIT_RETAIN_SELF = YES;
				CLANG_WARN_OBJC_LITERAL_CONVERSION = YES;
				CLANG_WARN_OBJC_ROOT_CLASS = YES_ERROR;
				CLANG_WARN_QUOTED_INCLUDE_IN_FRAMEWORK_HEADER = YES;
				CLANG_WARN_RANGE_LOOP_ANALYSIS = YES;
				CLANG_WARN_STRICT_PROTOTYPES = YES;
				CLANG_WARN_SUSPICIOUS_MOVE = YES;
				CLANG_WARN_UNGUARDED_AVAILABILITY = YES_AGGRESSIVE;
				CLANG_WARN_UNREACHABLE_CODE = YES;
				CLANG_WARN__DUPLICATE_METHOD_MATCH = YES;
				COPY_PHASE_STRIP = NO;
				DEBUG_INFORMATION_FORMAT = "dwarf-with-dsym";
				ENABLE_NS_ASSERTIONS = NO;
				ENABLE_STRICT_OBJC_MSGSEND = YES;
				GCC_C_LANGUAGE_STANDARD = gnu11;
				GCC_NO_COMMON_BLOCKS = YES;
				GCC_WARN_64_TO_32_BIT_CONVERSION = YES;
				GCC_WARN_ABOUT_RETURN_TYPE = YES_ERROR;
				GCC_WARN_UNDECLARED_SELECTOR = YES;
				GCC_WARN_UNINITIALIZED_AUTOS = YES_AGGRESSIVE;
				GCC_WARN_UNUSED_FUNCTION = YES;
				GCC_WARN_UNUSED_VARIABLE = YES;
				IPHONEOS_DEPLOYMENT_TARGET = 15.2;
				MTL_ENABLE_DEBUG_INFO = NO;
				MTL_FAST_MATH = YES;
				SDKROOT = iphoneos;
				SWIFT_COMPILATION_MODE = wholemodule;
				SWIFT_OPTIMIZATION_LEVEL = "-O";
				VALIDATE_PRODUCT = YES;
			};
			name = Release;
		};
		FF19E1C527C3DC6500DBD52D /* Debug */ = {
			isa = XCBuildConfiguration;
			buildSettings = {
				ASSETCATALOG_COMPILER_APPICON_NAME = AppIcon;
				ASSETCATALOG_COMPILER_GLOBAL_ACCENT_COLOR_NAME = AccentColor;
				CODE_SIGN_STYLE = Automatic;
				CURRENT_PROJECT_VERSION = 1;
				DEVELOPMENT_TEAM = AZX9TD66UC;
				GENERATE_INFOPLIST_FILE = YES;
				INFOPLIST_FILE = coinTradingApp/Info.plist;
				INFOPLIST_KEY_UIApplicationSupportsIndirectInputEvents = YES;
				INFOPLIST_KEY_UILaunchStoryboardName = LaunchScreen;
				INFOPLIST_KEY_UIMainStoryboardFile = Main;
				INFOPLIST_KEY_UISupportedInterfaceOrientations_iPad = "UIInterfaceOrientationPortrait UIInterfaceOrientationPortraitUpsideDown UIInterfaceOrientationLandscapeLeft UIInterfaceOrientationLandscapeRight";
				INFOPLIST_KEY_UISupportedInterfaceOrientations_iPhone = "UIInterfaceOrientationPortrait UIInterfaceOrientationLandscapeLeft UIInterfaceOrientationLandscapeRight";
				LD_RUNPATH_SEARCH_PATHS = (
					"$(inherited)",
					"@executable_path/Frameworks",
				);
				MARKETING_VERSION = 1.0;
				PRODUCT_BUNDLE_IDENTIFIER = com.happyu.coinTradingApp;
				PRODUCT_NAME = "$(TARGET_NAME)";
				SWIFT_EMIT_LOC_STRINGS = YES;
				SWIFT_VERSION = 5.0;
				TARGETED_DEVICE_FAMILY = "1,2";
			};
			name = Debug;
		};
		FF19E1C627C3DC6500DBD52D /* Release */ = {
			isa = XCBuildConfiguration;
			buildSettings = {
				ASSETCATALOG_COMPILER_APPICON_NAME = AppIcon;
				ASSETCATALOG_COMPILER_GLOBAL_ACCENT_COLOR_NAME = AccentColor;
				CODE_SIGN_STYLE = Automatic;
				CURRENT_PROJECT_VERSION = 1;
				DEVELOPMENT_TEAM = AZX9TD66UC;
				GENERATE_INFOPLIST_FILE = YES;
				INFOPLIST_FILE = coinTradingApp/Info.plist;
				INFOPLIST_KEY_UIApplicationSupportsIndirectInputEvents = YES;
				INFOPLIST_KEY_UILaunchStoryboardName = LaunchScreen;
				INFOPLIST_KEY_UIMainStoryboardFile = Main;
				INFOPLIST_KEY_UISupportedInterfaceOrientations_iPad = "UIInterfaceOrientationPortrait UIInterfaceOrientationPortraitUpsideDown UIInterfaceOrientationLandscapeLeft UIInterfaceOrientationLandscapeRight";
				INFOPLIST_KEY_UISupportedInterfaceOrientations_iPhone = "UIInterfaceOrientationPortrait UIInterfaceOrientationLandscapeLeft UIInterfaceOrientationLandscapeRight";
				LD_RUNPATH_SEARCH_PATHS = (
					"$(inherited)",
					"@executable_path/Frameworks",
				);
				MARKETING_VERSION = 1.0;
				PRODUCT_BUNDLE_IDENTIFIER = com.happyu.coinTradingApp;
				PRODUCT_NAME = "$(TARGET_NAME)";
				SWIFT_EMIT_LOC_STRINGS = YES;
				SWIFT_VERSION = 5.0;
				TARGETED_DEVICE_FAMILY = "1,2";
			};
			name = Release;
		};
		FF19E1C827C3DC6500DBD52D /* Debug */ = {
			isa = XCBuildConfiguration;
			buildSettings = {
				ALWAYS_EMBED_SWIFT_STANDARD_LIBRARIES = YES;
				BUNDLE_LOADER = "$(TEST_HOST)";
				CODE_SIGN_STYLE = Automatic;
				CURRENT_PROJECT_VERSION = 1;
				DEVELOPMENT_TEAM = AZX9TD66UC;
				GENERATE_INFOPLIST_FILE = YES;
				IPHONEOS_DEPLOYMENT_TARGET = 15.2;
				MARKETING_VERSION = 1.0;
				PRODUCT_BUNDLE_IDENTIFIER = com.happyu.coinTradingAppTests;
				PRODUCT_NAME = "$(TARGET_NAME)";
				SWIFT_EMIT_LOC_STRINGS = NO;
				SWIFT_VERSION = 5.0;
				TARGETED_DEVICE_FAMILY = "1,2";
				TEST_HOST = "$(BUILT_PRODUCTS_DIR)/coinTradingApp.app/coinTradingApp";
			};
			name = Debug;
		};
		FF19E1C927C3DC6500DBD52D /* Release */ = {
			isa = XCBuildConfiguration;
			buildSettings = {
				ALWAYS_EMBED_SWIFT_STANDARD_LIBRARIES = YES;
				BUNDLE_LOADER = "$(TEST_HOST)";
				CODE_SIGN_STYLE = Automatic;
				CURRENT_PROJECT_VERSION = 1;
				DEVELOPMENT_TEAM = AZX9TD66UC;
				GENERATE_INFOPLIST_FILE = YES;
				IPHONEOS_DEPLOYMENT_TARGET = 15.2;
				MARKETING_VERSION = 1.0;
				PRODUCT_BUNDLE_IDENTIFIER = com.happyu.coinTradingAppTests;
				PRODUCT_NAME = "$(TARGET_NAME)";
				SWIFT_EMIT_LOC_STRINGS = NO;
				SWIFT_VERSION = 5.0;
				TARGETED_DEVICE_FAMILY = "1,2";
				TEST_HOST = "$(BUILT_PRODUCTS_DIR)/coinTradingApp.app/coinTradingApp";
			};
			name = Release;
		};
		FF19E1CB27C3DC6500DBD52D /* Debug */ = {
			isa = XCBuildConfiguration;
			buildSettings = {
				ALWAYS_EMBED_SWIFT_STANDARD_LIBRARIES = YES;
				CODE_SIGN_STYLE = Automatic;
				CURRENT_PROJECT_VERSION = 1;
				DEVELOPMENT_TEAM = AZX9TD66UC;
				GENERATE_INFOPLIST_FILE = YES;
				MARKETING_VERSION = 1.0;
				PRODUCT_BUNDLE_IDENTIFIER = com.happyu.coinTradingAppUITests;
				PRODUCT_NAME = "$(TARGET_NAME)";
				SWIFT_EMIT_LOC_STRINGS = NO;
				SWIFT_VERSION = 5.0;
				TARGETED_DEVICE_FAMILY = "1,2";
				TEST_TARGET_NAME = coinTradingApp;
			};
			name = Debug;
		};
		FF19E1CC27C3DC6500DBD52D /* Release */ = {
			isa = XCBuildConfiguration;
			buildSettings = {
				ALWAYS_EMBED_SWIFT_STANDARD_LIBRARIES = YES;
				CODE_SIGN_STYLE = Automatic;
				CURRENT_PROJECT_VERSION = 1;
				DEVELOPMENT_TEAM = AZX9TD66UC;
				GENERATE_INFOPLIST_FILE = YES;
				MARKETING_VERSION = 1.0;
				PRODUCT_BUNDLE_IDENTIFIER = com.happyu.coinTradingAppUITests;
				PRODUCT_NAME = "$(TARGET_NAME)";
				SWIFT_EMIT_LOC_STRINGS = NO;
				SWIFT_VERSION = 5.0;
				TARGETED_DEVICE_FAMILY = "1,2";
				TEST_TARGET_NAME = coinTradingApp;
			};
			name = Release;
		};
/* End XCBuildConfiguration section */

/* Begin XCConfigurationList section */
		FF19E19527C3DC6300DBD52D /* Build configuration list for PBXProject "coinTradingApp" */ = {
			isa = XCConfigurationList;
			buildConfigurations = (
				FF19E1C227C3DC6500DBD52D /* Debug */,
				FF19E1C327C3DC6500DBD52D /* Release */,
			);
			defaultConfigurationIsVisible = 0;
			defaultConfigurationName = Release;
		};
		FF19E1C427C3DC6500DBD52D /* Build configuration list for PBXNativeTarget "coinTradingApp" */ = {
			isa = XCConfigurationList;
			buildConfigurations = (
				FF19E1C527C3DC6500DBD52D /* Debug */,
				FF19E1C627C3DC6500DBD52D /* Release */,
			);
			defaultConfigurationIsVisible = 0;
			defaultConfigurationName = Release;
		};
		FF19E1C727C3DC6500DBD52D /* Build configuration list for PBXNativeTarget "coinTradingAppTests" */ = {
			isa = XCConfigurationList;
			buildConfigurations = (
				FF19E1C827C3DC6500DBD52D /* Debug */,
				FF19E1C927C3DC6500DBD52D /* Release */,
			);
			defaultConfigurationIsVisible = 0;
			defaultConfigurationName = Release;
		};
		FF19E1CA27C3DC6500DBD52D /* Build configuration list for PBXNativeTarget "coinTradingAppUITests" */ = {
			isa = XCConfigurationList;
			buildConfigurations = (
				FF19E1CB27C3DC6500DBD52D /* Debug */,
				FF19E1CC27C3DC6500DBD52D /* Release */,
			);
			defaultConfigurationIsVisible = 0;
			defaultConfigurationName = Release;
		};
/* End XCConfigurationList section */
	};
	rootObject = FF19E19227C3DC6300DBD52D /* Project object */;
}
